{
  "object": {
    "pins": [
      {
        "package": "Files",
        "repositoryURL": "https://github.com/johnsundell/files",
        "state": {
          "branch": null,
          "revision": "22fe84797d499ffca911ccd896b34efaf06a50b9",
          "version": "4.1.1"
        }
      },
      {
        "package": "swift-argument-parser",
        "repositoryURL": "https://github.com/apple/swift-argument-parser",
        "state": {
          "branch": null,
          "revision": "7255fd547f70468e19abbac5f7964f1ef309ad92",
          "version": "0.2.1"
        }
      }
    ]
  },
  "version": 1
}
